
Microsoft Visual Studio Solution File, Format Version 12.00
# Visual Studio Version 17
VisualStudioVersion = 17.13.35825.156 d17.13
MinimumVisualStudioVersion = 10.0.40219.1
Project("{FAE04EC0-301F-11D3-BF4B-00C04F79EFBC}") = "Game", "Game.csproj", "{AB684C79-95DF-49BA-B6EF-5430C21A244B}"
EndProject
Global
	GlobalSection(SolutionConfigurationPlatforms) = preSolution
		Debug|Any CPU = Debug|Any CPU
		Release|Any CPU = Release|Any CPU
	EndGlobalSection
	GlobalSection(ProjectConfigurationPlatforms) = postSolution
		{AB684C79-95DF-49BA-B6EF-5430C21A244B}.Debug|Any CPU.ActiveCfg = Debug|Any CPU
		{AB684C79-95DF-49BA-B6EF-5430C21A244B}.Debug|Any CPU.Build.0 = Debug|Any CPU
		{AB684C79-95DF-49BA-B6EF-5430C21A244B}.Release|Any CPU.ActiveCfg = Release|Any CPU
		{AB684C79-95DF-49BA-B6EF-5430C21A244B}.Release|Any CPU.Build.0 = Release|Any CPU
	EndGlobalSection
	GlobalSection(SolutionProperties) = preSolution
		HideSolutionNode = FALSE
	EndGlobalSection
	GlobalSection(ExtensibilityGlobals) = postSolution
		SolutionGuid = {B98AC001-DD04-4193-AC7F-BB2173DF76FB}
	EndGlobalSection
EndGlobal
