
Microsoft Visual Studio Solution File, Format Version 12.00
# Visual Studio Version 17
VisualStudioVersion = 17.13.35825.156 d17.13
MinimumVisualStudioVersion = 10.0.40219.1
Project("{FAE04EC0-301F-11D3-BF4B-00C04F79EFBC}") = "ПР1", "ПР1\ПР1.csproj", "{7BD00BB4-92F1-4CC3-B1B6-3A756D7A50A5}"
EndProject
Project("{FAE04EC0-301F-11D3-BF4B-00C04F79EFBC}") = "ПР1.1", "ПР1.1\ПР1.1.csproj", "{DF9FF53F-6575-440D-9CD5-D9B4C75AE249}"
EndProject
Global
	GlobalSection(SolutionConfigurationPlatforms) = preSolution
		Debug|Any CPU = Debug|Any CPU
		Release|Any CPU = Release|Any CPU
	EndGlobalSection
	GlobalSection(ProjectConfigurationPlatforms) = postSolution
		{7BD00BB4-92F1-4CC3-B1B6-3A756D7A50A5}.Debug|Any CPU.ActiveCfg = Debug|Any CPU
		{7BD00BB4-92F1-4CC3-B1B6-3A756D7A50A5}.Debug|Any CPU.Build.0 = Debug|Any CPU
		{7BD00BB4-92F1-4CC3-B1B6-3A756D7A50A5}.Release|Any CPU.ActiveCfg = Release|Any CPU
		{7BD00BB4-92F1-4CC3-B1B6-3A756D7A50A5}.Release|Any CPU.Build.0 = Release|Any CPU
		{DF9FF53F-6575-440D-9CD5-D9B4C75AE249}.Debug|Any CPU.ActiveCfg = Debug|Any CPU
		{DF9FF53F-6575-440D-9CD5-D9B4C75AE249}.Debug|Any CPU.Build.0 = Debug|Any CPU
		{DF9FF53F-6575-440D-9CD5-D9B4C75AE249}.Release|Any CPU.ActiveCfg = Release|Any CPU
		{DF9FF53F-6575-440D-9CD5-D9B4C75AE249}.Release|Any CPU.Build.0 = Release|Any CPU
	EndGlobalSection
	GlobalSection(SolutionProperties) = preSolution
		HideSolutionNode = FALSE
	EndGlobalSection
	GlobalSection(ExtensibilityGlobals) = postSolution
		SolutionGuid = {122F1372-4360-4B17-B7AC-B63A62C9AC69}
	EndGlobalSection
EndGlobal
